{
    "_readme": [
        "This file locks the dependencies of your project to a known state",
        "Read more about it at https://getcomposer.org/doc/01-basic-usage.md#composer-lock-the-lock-file",
        "This file is @generated automatically"
    ],
    "hash": "d890dd52d2620278aa15bd99ed44c863",
    "content-hash": "e6a85908a2e9485599f6c830ff0295e2",
    "packages": [
        {
            "name": "zendframework/zend-ldap",
            "version": "2.7.1",
            "source": {
                "type": "git",
                "url": "https://github.com/zendframework/zend-ldap.git",
                "reference": "14c5b862899ad8bb6cd02c567f394ec5dadc039d"
            },
            "dist": {
                "type": "zip",
                "url": "https://api.github.com/repos/zendframework/zend-ldap/zipball/14c5b862899ad8bb6cd02c567f394ec5dadc039d",
                "reference": "14c5b862899ad8bb6cd02c567f394ec5dadc039d",
                "shasum": ""
            },
            "require": {
                "ext-ldap": "*",
                "php": "^5.5 || ^7.0"
            },
            "require-dev": {
                "fabpot/php-cs-fixer": "1.7.*",
                "php-mock/php-mock-phpunit": "~0.3",
                "phpunit/phpunit": "^4.5",
                "zendframework/zend-config": "^2.5",
                "zendframework/zend-eventmanager": "^2.6.3 || ^3.0.1",
                "zendframework/zend-stdlib": "^2.7 || ^3.0"
            },
            "suggest": {
                "zendframework/zend-eventmanager": "Zend\\EventManager component"
            },
            "type": "library",
            "extra": {
                "branch-alias": {
                    "dev-master": "2.5-dev",
                    "dev-develop": "2.6-dev"
                }
            },
            "autoload": {
                "psr-4": {
                    "Zend\\Ldap\\": "src/"
                }
            },
            "notification-url": "https://packagist.org/downloads/",
            "license": [
                "BSD-3-Clause"
            ],
            "description": "provides support for LDAP operations including but not limited to binding, searching and modifying entries in an LDAP directory",
            "homepage": "https://github.com/zendframework/zend-ldap",
            "keywords": [
                "ldap",
                "zf2"
            ],
            "time": "2016-05-23 19:03:38"
        }
    ],
    "packages-dev": [],
    "aliases": [],
    "minimum-stability": "stable",
    "stability-flags": [],
    "prefer-stable": false,
    "prefer-lowest": false,
    "platform": {
        "php": ">=5.6.0"
    },
    "platform-dev": []
}
